# @generated by Move, please check-in and do not edit manually.

[move]
version = 2
manifest_digest = "D5C67FE7820018D3C31290B9D5894D244832882A2339A3BE46300761AC9375A2"
deps_digest = "F8BBB0CCB2491CA29A3DF03D6F92277A4F3574266507ACD77214D37ECA3F3082"
dependencies = [
  { name = "Sui" },
]

[[move.package]]
name = "MoveStdlib"
source = { git = "https://github.com/MystenLabs/sui.git", rev = "framework/testnet", subdir = "crates/sui-framework/packages/move-stdlib" }

[[move.package]]
name = "Sui"
source = { git = "https://github.com/MystenLabs/sui.git", rev = "framework/testnet", subdir = "crates/sui-framework/packages/sui-framework" }

dependencies = [
  { name = "MoveStdlib" },
]

[move.toolchain-version]
compiler-version = "1.25.1"
edition = "2024.beta"
flavor = "sui"

[env]

[env.devnet]
chain-id = "bd665407"
original-published-id = "0x087296ac5350b47df0e9b4aa8ba4f1c0f4224b8ef5589a39d79d7df9f2f5fecf"
latest-published-id = "0x087296ac5350b47df0e9b4aa8ba4f1c0f4224b8ef5589a39d79d7df9f2f5fecf"
published-version = "1"
